
Microsoft Visual Studio Solution File, Format Version 12.00
# Visual Studio 14
VisualStudioVersion = 14.0.24720.0
MinimumVisualStudioVersion = 10.0.40219.1
Project("{FAE04EC0-301F-11D3-BF4B-00C04F79EFBC}") = "FoundryMissionsCom", "FoundryMissionsCom\FoundryMissionsCom.csproj", "{39B1C2CB-82CC-4397-9E2B-5B8A6DAEB818}"
EndProject
Project("{FAE04EC0-301F-11D3-BF4B-00C04F79EFBC}") = "StarbaseUGC.Foundry.Engine", "StarbaseUGC.Foundry.Engine\StarbaseUGC.Foundry.Engine.csproj", "{A2A37B7F-1799-404E-8BC9-FC70F34F8C0A}"
EndProject
Global
	GlobalSection(SolutionConfigurationPlatforms) = preSolution
		Debug|Any CPU = Debug|Any CPU
		Release|Any CPU = Release|Any CPU
	EndGlobalSection
	GlobalSection(ProjectConfigurationPlatforms) = postSolution
		{39B1C2CB-82CC-4397-9E2B-5B8A6DAEB818}.Debug|Any CPU.ActiveCfg = Debug|Any CPU
		{39B1C2CB-82CC-4397-9E2B-5B8A6DAEB818}.Debug|Any CPU.Build.0 = Debug|Any CPU
		{39B1C2CB-82CC-4397-9E2B-5B8A6DAEB818}.Release|Any CPU.ActiveCfg = Release|Any CPU
		{39B1C2CB-82CC-4397-9E2B-5B8A6DAEB818}.Release|Any CPU.Build.0 = Release|Any CPU
		{A2A37B7F-1799-404E-8BC9-FC70F34F8C0A}.Debug|Any CPU.ActiveCfg = Debug|Any CPU
		{A2A37B7F-1799-404E-8BC9-FC70F34F8C0A}.Debug|Any CPU.Build.0 = Debug|Any CPU
		{A2A37B7F-1799-404E-8BC9-FC70F34F8C0A}.Release|Any CPU.ActiveCfg = Release|Any CPU
		{A2A37B7F-1799-404E-8BC9-FC70F34F8C0A}.Release|Any CPU.Build.0 = Release|Any CPU
	EndGlobalSection
	GlobalSection(SolutionProperties) = preSolution
		HideSolutionNode = FALSE
	EndGlobalSection
EndGlobal
